
Microsoft Visual Studio Solution File, Format Version 12.00
# Visual Studio 15
VisualStudioVersion = 15.0.28307.489
MinimumVisualStudioVersion = 10.0.40219.1
Project("{FAE04EC0-301F-11D3-BF4B-00C04F79EFBC}") = "Gestion Compte Bancaire", "Gestion Compte Bancaire\Gestion Compte Bancaire.csproj", "{31388E89-7A13-43DB-B08D-BD4E27B6CEF8}"
EndProject
Global
	GlobalSection(SolutionConfigurationPlatforms) = preSolution
		Debug|Any CPU = Debug|Any CPU
		Release|Any CPU = Release|Any CPU
	EndGlobalSection
	GlobalSection(ProjectConfigurationPlatforms) = postSolution
		{31388E89-7A13-43DB-B08D-BD4E27B6CEF8}.Debug|Any CPU.ActiveCfg = Debug|Any CPU
		{31388E89-7A13-43DB-B08D-BD4E27B6CEF8}.Debug|Any CPU.Build.0 = Debug|Any CPU
		{31388E89-7A13-43DB-B08D-BD4E27B6CEF8}.Release|Any CPU.ActiveCfg = Release|Any CPU
		{31388E89-7A13-43DB-B08D-BD4E27B6CEF8}.Release|Any CPU.Build.0 = Release|Any CPU
	EndGlobalSection
	GlobalSection(SolutionProperties) = preSolution
		HideSolutionNode = FALSE
	EndGlobalSection
	GlobalSection(ExtensibilityGlobals) = postSolution
		SolutionGuid = {D408BCCF-3081-4175-BE5E-CAF53C1C3D05}
	EndGlobalSection
EndGlobal
