
Microsoft Visual Studio Solution File, Format Version 12.00
# Visual Studio 15
VisualStudioVersion = 15.0.28307.705
MinimumVisualStudioVersion = 10.0.40219.1
Project("{FAE04EC0-301F-11D3-BF4B-00C04F79EFBC}") = "Panier", "Panier\Panier.csproj", "{69127307-32AB-46D5-97E6-9E97AEB2D896}"
EndProject
Global
	GlobalSection(SolutionConfigurationPlatforms) = preSolution
		Debug|Any CPU = Debug|Any CPU
		Release|Any CPU = Release|Any CPU
	EndGlobalSection
	GlobalSection(ProjectConfigurationPlatforms) = postSolution
		{69127307-32AB-46D5-97E6-9E97AEB2D896}.Debug|Any CPU.ActiveCfg = Debug|Any CPU
		{69127307-32AB-46D5-97E6-9E97AEB2D896}.Debug|Any CPU.Build.0 = Debug|Any CPU
		{69127307-32AB-46D5-97E6-9E97AEB2D896}.Release|Any CPU.ActiveCfg = Release|Any CPU
		{69127307-32AB-46D5-97E6-9E97AEB2D896}.Release|Any CPU.Build.0 = Release|Any CPU
	EndGlobalSection
	GlobalSection(SolutionProperties) = preSolution
		HideSolutionNode = FALSE
	EndGlobalSection
	GlobalSection(ExtensibilityGlobals) = postSolution
		SolutionGuid = {6C6235E0-AEB8-4C46-8426-9AD415B3CA1D}
	EndGlobalSection
EndGlobal
